<Solution>
  <Folder Name="/src/">
    <Project Path="src/RailWatch.Api/RailWatch.Api.csproj" />
    <Project Path="src/RailWatch.Domain/RailWatch.Domain.csproj" />
    <Project Path="src/RailWatch.Infrastructure/RailWatch.Infrastructure.csproj" />
    <Project Path="src/RailWatch.Worker/RailWatch.Worker.csproj" />
  </Folder>
  <Folder Name="/tests/">
    <Project Path="tests/RailWatch.ArchitectureTests/RailWatch.ArchitectureTests.csproj" />
  </Folder>
</Solution>
